
Microsoft Visual Studio Solution File, Format Version 12.00
# Visual Studio Version 16
VisualStudioVersion = 16.0.30406.217
MinimumVisualStudioVersion = 10.0.40219.1
Project("{FAE04EC0-301F-11D3-BF4B-00C04F79EFBC}") = "RTL Bootstrap Comprehensive Test", "RTL Bootstrap Comprehensive Test\RTL Bootstrap Comprehensive Test.csproj", "{35AD7C97-3FBE-4EC9-B24A-17BFBB4B33A9}"
EndProject
Global
	GlobalSection(SolutionConfigurationPlatforms) = preSolution
		Debug|Any CPU = Debug|Any CPU
		Release|Any CPU = Release|Any CPU
	EndGlobalSection
	GlobalSection(ProjectConfigurationPlatforms) = postSolution
		{35AD7C97-3FBE-4EC9-B24A-17BFBB4B33A9}.Debug|Any CPU.ActiveCfg = Debug|Any CPU
		{35AD7C97-3FBE-4EC9-B24A-17BFBB4B33A9}.Debug|Any CPU.Build.0 = Debug|Any CPU
		{35AD7C97-3FBE-4EC9-B24A-17BFBB4B33A9}.Release|Any CPU.ActiveCfg = Release|Any CPU
		{35AD7C97-3FBE-4EC9-B24A-17BFBB4B33A9}.Release|Any CPU.Build.0 = Release|Any CPU
	EndGlobalSection
	GlobalSection(SolutionProperties) = preSolution
		HideSolutionNode = FALSE
	EndGlobalSection
	GlobalSection(ExtensibilityGlobals) = postSolution
		SolutionGuid = {0B593F26-797A-477A-B21F-971F6E21BDBA}
	EndGlobalSection
EndGlobal
